{
  "object": {
    "pins": [
      {
        "package": "feather-api",
        "repositoryURL": "https://github.com/feathercms/feather-api",
        "state": {
          "branch": "main",
          "revision": "1154ba656bf90297e2189f5f572498a53fbed0af",
          "version": null
        }
      }
    ]
  },
  "version": 1
}
